<?xml version="1.0" encoding="utf-8"?>
<Project ToolsVersion="4.0" xmlns="http://schemas.microsoft.com/developer/msbuild/2003">
  <ItemGroup>
    <Filter Include="Engine">
      <UniqueIdentifier>{ee03f056-4170-4e50-92b4-263813a18329}</UniqueIdentifier>
    </Filter>
    <Filter Include="Engine\Common">
      <UniqueIdentifier>{4eaf651b-e76f-4894-b2cb-e3d51350af87}</UniqueIdentifier>
    </Filter>
    <Filter Include="Engine\High Level Interface">
      <UniqueIdentifier>{2db8ecd6-d25b-464b-9a68-d272aff4d95a}</UniqueIdentifier>
    </Filter>
    <Filter Include="Windows">
      <UniqueIdentifier>{b0f4f547-0681-430a-8175-50a94e10dc78}</UniqueIdentifier>
    </Filter>
    <Filter Include="Windows\Resource">
      <UniqueIdentifier>{aa2c909e-25e9-4b20-9b2f-3ccd975cecce}</UniqueIdentifier>
    </Filter>
    <Filter Include="Windows\Header">
      <UniqueIdentifier>{94f19941-4d14-43fd-8d62-a95d42508c58}</UniqueIdentifier>
    </Filter>
    <Filter Include="Engine\Input">
      <UniqueIdentifier>{2c5e8050-feb8-454b-808d-52f589dd8255}</UniqueIdentifier>
    </Filter>
    <Filter Include="Engine\Time">
      <UniqueIdentifier>{07b4520e-3616-4bf2-bc7b-6775ee2ab6af}</UniqueIdentifier>
    </Filter>
    <Filter Include="Engine\Entity">
      <UniqueIdentifier>{b98eac82-a631-4fe1-8365-d885c7ef5c3d}</UniqueIdentifier>
    </Filter>
    <Filter Include="Engine\Layer">
      <UniqueIdentifier>{e4a6f586-3a64-4c8b-a7d3-2227ea5dc11a}</UniqueIdentifier>
    </Filter>
    <Filter Include="Engine\Scene">
      <UniqueIdentifier>{98413686-2467-4ca4-9749-fa0bb9e3d17d}</UniqueIdentifier>
    </Filter>
    <Filter Include="Engine\Scene\SceneManager">
      <UniqueIdentifier>{682f2d96-d79a-4bb9-a518-77768b4ab173}</UniqueIdentifier>
    </Filter>
    <Filter Include="Engine\Object">
      <UniqueIdentifier>{91c784e2-cd54-4878-a649-45e1755c8832}</UniqueIdentifier>
    </Filter>
    <Filter Include="Engine\Resource">
      <UniqueIdentifier>{17ee2a1d-c686-4230-8bfb-6c376e0098dc}</UniqueIdentifier>
    </Filter>
    <Filter Include="Engine\Resource\ResourceManager">
      <UniqueIdentifier>{147a5744-bee9-44c2-9ac3-86a32bc4ca76}</UniqueIdentifier>
    </Filter>
    <Filter Include="Engine\Resource\Texture">
      <UniqueIdentifier>{cddfe35e-ecd5-4fb2-97f1-dac59f02b96f}</UniqueIdentifier>
    </Filter>
    <Filter Include="Engine\Camera">
      <UniqueIdentifier>{d9366b87-af53-4be5-96eb-0d332ddacb1a}</UniqueIdentifier>
    </Filter>
    <Filter Include="Engine\Resource\Animation">
      <UniqueIdentifier>{ea9a0af9-3219-40e9-9232-6f0091c6f116}</UniqueIdentifier>
    </Filter>
    <Filter Include="Engine\Component">
      <UniqueIdentifier>{eabab9a3-c01c-48fd-9fea-3a9307dbe6d1}</UniqueIdentifier>
    </Filter>
    <Filter Include="Engine\Component\Transform">
      <UniqueIdentifier>{0e24e48b-1c54-4836-96c7-6d85d278e6f5}</UniqueIdentifier>
    </Filter>
    <Filter Include="Engine\Component\SpriteRenderer">
      <UniqueIdentifier>{88e2c895-f10d-47e0-b8c1-1c57943d8c58}</UniqueIdentifier>
    </Filter>
    <Filter Include="Engine\Component\Animator">
      <UniqueIdentifier>{42a9af73-1855-4446-80b6-41768aebf3fa}</UniqueIdentifier>
    </Filter>
    <Filter Include="Engine\Component\Collider">
      <UniqueIdentifier>{6c293f55-b09d-4b74-8286-0af4cc285691}</UniqueIdentifier>
    </Filter>
    <Filter Include="Engine\Collision">
      <UniqueIdentifier>{45ed0335-b526-4020-83b3-de52d1e36088}</UniqueIdentifier>
    </Filter>
    <Filter Include="Engine\Component\RigidBody">
      <UniqueIdentifier>{73befaab-d94a-4489-80e1-b1978659f618}</UniqueIdentifier>
    </Filter>
    <Filter Include="Contents">
      <UniqueIdentifier>{f59544d7-ffb3-4dab-a33c-12a2f2f67682}</UniqueIdentifier>
    </Filter>
    <Filter Include="Contents\Scene">
      <UniqueIdentifier>{a1fad098-22a4-42c0-a554-9af5639048a5}</UniqueIdentifier>
    </Filter>
    <Filter Include="Contents\Scene\TitleScene">
      <UniqueIdentifier>{addb92de-1800-4390-ab3a-f196944b8ea6}</UniqueIdentifier>
    </Filter>
    <Filter Include="Contents\Scene\LevelSelectScene">
      <UniqueIdentifier>{4dad836d-06b9-4f2e-8633-02f3566063a7}</UniqueIdentifier>
    </Filter>
    <Filter Include="Contents\Scene\StageScene">
      <UniqueIdentifier>{9993070b-c195-40ca-89e1-be39df79adbd}</UniqueIdentifier>
    </Filter>
    <Filter Include="Contents\Scene\OpeningScene">
      <UniqueIdentifier>{00a5c3d9-74bf-4153-971f-7f1dfa156564}</UniqueIdentifier>
    </Filter>
    <Filter Include="Contents\Scene\EndingScene">
      <UniqueIdentifier>{0ac4766b-4850-4d62-94c4-8a53b45b5b1b}</UniqueIdentifier>
    </Filter>
    <Filter Include="Contents\Scene\LevelScene">
      <UniqueIdentifier>{9f338203-f573-4408-8483-8d1946d5a37c}</UniqueIdentifier>
    </Filter>
    <Filter Include="Contents\Scene\LevelScene\Level1">
      <UniqueIdentifier>{28234f0d-953b-44d6-b4b8-6d5670c58ba2}</UniqueIdentifier>
    </Filter>
    <Filter Include="Contents\Scene\LevelScene\Level2">
      <UniqueIdentifier>{ebf7f182-08dc-43e9-9d39-274f12bec8bf}</UniqueIdentifier>
    </Filter>
    <Filter Include="Contents\Scene\LevelScene\Level3">
      <UniqueIdentifier>{76bb728c-a905-47f8-acf7-d1942289b649}</UniqueIdentifier>
    </Filter>
    <Filter Include="Contents\Scene\LevelScene\Level4">
      <UniqueIdentifier>{a48aba91-a80a-4585-a371-25e60639e537}</UniqueIdentifier>
    </Filter>
    <Filter Include="Contents\Scene\LevelScene\Level5">
      <UniqueIdentifier>{73440996-7bed-4368-89f7-35d10cc37ff1}</UniqueIdentifier>
    </Filter>
    <Filter Include="Contents\Scene\LevelScene\Level6">
      <UniqueIdentifier>{a8522d26-18fb-4abf-8d21-4a993781816d}</UniqueIdentifier>
    </Filter>
    <Filter Include="Contents\Scene\LevelScene\Level7">
      <UniqueIdentifier>{ca347463-8b08-4d2b-870c-f9c707974cb2}</UniqueIdentifier>
    </Filter>
    <Filter Include="Contents\Scene\LevelScene\Level8">
      <UniqueIdentifier>{5f9fe897-8f69-41b0-b451-6dd3017d7946}</UniqueIdentifier>
    </Filter>
    <Filter Include="Contents\GameObject">
      <UniqueIdentifier>{ac703717-46c9-474e-98b1-b75998f33580}</UniqueIdentifier>
    </Filter>
    <Filter Include="Contents\GameObject\BackGround">
      <UniqueIdentifier>{f16894f5-8de3-4347-a66d-311beb75330a}</UniqueIdentifier>
    </Filter>
    <Filter Include="Contents\GameObject\BackGround\Level_BG">
      <UniqueIdentifier>{7a908f7c-d363-499f-ba48-c23f111dcbe2}</UniqueIdentifier>
    </Filter>
    <Filter Include="Contents\GameObject\Inventory">
      <UniqueIdentifier>{9c3637fe-ec9e-4a26-99b2-e877fa731a1f}</UniqueIdentifier>
    </Filter>
    <Filter Include="Contents\GameObject\ForeGround">
      <UniqueIdentifier>{f22905b9-5aa3-428f-a66b-7635d12e0af3}</UniqueIdentifier>
    </Filter>
    <Filter Include="Contents\GameObject\UI">
      <UniqueIdentifier>{61b761af-e4ce-495f-93c1-fd53d59e5cb3}</UniqueIdentifier>
    </Filter>
    <Filter Include="Contents\GameObject\UI\HPbar">
      <UniqueIdentifier>{a0fc58eb-84c7-4f1d-9d9e-ccaca0fcde91}</UniqueIdentifier>
    </Filter>
    <Filter Include="Contents\GameObject\UI\AbilityUI">
      <UniqueIdentifier>{d5b39543-b939-42f6-b487-97ac7476a333}</UniqueIdentifier>
    </Filter>
    <Filter Include="Contents\GameObject\UI\LifeUI">
      <UniqueIdentifier>{427e8896-2838-4266-b067-792a79df1fa6}</UniqueIdentifier>
    </Filter>
    <Filter Include="Contents\GameObject\Video">
      <UniqueIdentifier>{44c76270-b015-4769-8885-dfa3f0c2cc26}</UniqueIdentifier>
    </Filter>
    <Filter Include="Contents\GameObject\Player">
      <UniqueIdentifier>{e181023e-aad4-4200-a419-93547baf32cb}</UniqueIdentifier>
    </Filter>
    <Filter Include="Contents\GameObject\Enemy">
      <UniqueIdentifier>{eb572f62-a55e-4adf-9b2b-169106e7893a}</UniqueIdentifier>
    </Filter>
    <Filter Include="Contents\GameObject\Enemy\Boss">
      <UniqueIdentifier>{d0fd2dd9-7253-418c-ae3d-3b3bf2e15dac}</UniqueIdentifier>
    </Filter>
    <Filter Include="Contents\GameObject\Enemy\Boss\MetaKnight">
      <UniqueIdentifier>{e205bf88-515b-4076-aafd-e32b198ae3c6}</UniqueIdentifier>
    </Filter>
    <Filter Include="Contents\GameObject\Enemy\Normal">
      <UniqueIdentifier>{169ac7fe-c859-4764-8d97-051e57d6637a}</UniqueIdentifier>
    </Filter>
    <Filter Include="Contents\GameObject\Enemy\Normal\HotHead">
      <UniqueIdentifier>{1903906d-2b00-4a1d-9490-8851aad6ca25}</UniqueIdentifier>
    </Filter>
    <Filter Include="Contents\GameObject\Enemy\Normal\HotHead\Skill">
      <UniqueIdentifier>{1534f389-2884-4a7a-a0b1-19f2b7030493}</UniqueIdentifier>
    </Filter>
    <Filter Include="Contents\GameObject\Enemy\Normal\SirKibble">
      <UniqueIdentifier>{4ff1f8ed-7015-4504-ae0b-0719aef24984}</UniqueIdentifier>
    </Filter>
    <Filter Include="Contents\GameObject\Enemy\Normal\SirKibble\Skill">
      <UniqueIdentifier>{a0990413-da2a-4805-b608-bf6a1d29f8ed}</UniqueIdentifier>
    </Filter>
    <Filter Include="Contents\GameObject\Effects">
      <UniqueIdentifier>{9963be6e-a9cd-4c3e-8f3d-4568ca85981a}</UniqueIdentifier>
    </Filter>
    <Filter Include="Contents\GameObject\UI\StarUI">
      <UniqueIdentifier>{b581e051-673e-4783-9ea7-079a1cf95b71}</UniqueIdentifier>
    </Filter>
    <Filter Include="Contents\GameObject\UI\NumberUI">
      <UniqueIdentifier>{5b6afe2f-b5ad-4304-af34-dcad8aaac7c6}</UniqueIdentifier>
    </Filter>
    <Filter Include="Contents\GameObject\UI\PlacardUI">
      <UniqueIdentifier>{1b0aed68-4182-4036-b09c-33b2ee078e9c}</UniqueIdentifier>
    </Filter>
    <Filter Include="Contents\GameObject\UI\DotUI">
      <UniqueIdentifier>{f2caf8e6-36bf-4fdc-81c4-64aa7e1c40d2}</UniqueIdentifier>
    </Filter>
    <Filter Include="Contents\GameObject\UI\StepUI">
      <UniqueIdentifier>{1be25383-a603-4ee8-93db-e6fd06f32783}</UniqueIdentifier>
    </Filter>
    <Filter Include="Contents\GameObject\Enemy\Normal\Crimp">
      <UniqueIdentifier>{85cd67ab-45ca-4b2e-ad84-7de57cb4a1e6}</UniqueIdentifier>
    </Filter>
    <Filter Include="Contents\GameObject\Enemy\Normal\Crimp\Skill">
      <UniqueIdentifier>{1ad66a98-29f6-4b07-996f-18906f137c5f}</UniqueIdentifier>
    </Filter>
    <Filter Include="Contents\GameObject\Enemy\Normal\Blockin">
      <UniqueIdentifier>{de301256-95ab-4efb-9ed5-c36b6fa02f62}</UniqueIdentifier>
    </Filter>
    <Filter Include="Contents\GameObject\Effects\Dash_Effect">
      <UniqueIdentifier>{76c73add-b019-4d60-ace8-0714e1758ae3}</UniqueIdentifier>
    </Filter>
    <Filter Include="Engine\Resource\Sound">
      <UniqueIdentifier>{a8953763-ed15-4fe8-b2a2-0404b2628624}</UniqueIdentifier>
    </Filter>
    <Filter Include="Engine\SoundManager">
      <UniqueIdentifier>{59269abe-2e8d-4b6e-96e5-047fd285b958}</UniqueIdentifier>
    </Filter>
    <Filter Include="Contents\Scene\TunnelScene">
      <UniqueIdentifier>{3bcb7d38-7761-410e-8df9-9a1c81c142b3}</UniqueIdentifier>
    </Filter>
    <Filter Include="Contents\GameObject\BackGround\Tunnel_BG">
      <UniqueIdentifier>{c670cd71-43ce-4486-99cd-2d4548907e73}</UniqueIdentifier>
    </Filter>
    <Filter Include="Contents\GameObject\Effects\Breath_Effect">
      <UniqueIdentifier>{a1c44ee5-dd8d-4795-aba8-06444b5d24d1}</UniqueIdentifier>
    </Filter>
    <Filter Include="Contents\GameObject\Effects\Normal_Skill">
      <UniqueIdentifier>{eb83a6f2-a892-45a8-9d38-0339bc977b8a}</UniqueIdentifier>
    </Filter>
    <Filter Include="Contents\GameObject\Effects\Inhale_Effect">
      <UniqueIdentifier>{725cbd86-a30a-4e37-b2c5-465f1717e473}</UniqueIdentifier>
    </Filter>
    <Filter Include="Contents\GameObject\UI\EnemyHPbarUI">
      <UniqueIdentifier>{1ffa8117-e852-4f41-b692-6ecd4d744687}</UniqueIdentifier>
    </Filter>
    <Filter Include="Contents\GameObject\UI\PortalUI">
      <UniqueIdentifier>{e81ec016-61dd-408a-a249-f70557fa1dad}</UniqueIdentifier>
    </Filter>
    <Filter Include="Contents\GameObject\AbilityItem">
      <UniqueIdentifier>{2dc5b797-5d1b-48ea-bfb6-6755466090e9}</UniqueIdentifier>
    </Filter>
    <Filter Include="Contents\GameObject\InventoryItem">
      <UniqueIdentifier>{69c749c9-477d-43f3-8493-3b6c668fe1b1}</UniqueIdentifier>
    </Filter>
    <Filter Include="Contents\GameObject\MixItem">
      <UniqueIdentifier>{d6885d57-56e6-48a3-a365-1643680ee515}</UniqueIdentifier>
    </Filter>
    <Filter Include="Contents\GameObject\Effects\Landing_Effect">
      <UniqueIdentifier>{6a543664-a43b-4678-bc78-e2ea02ae28bc}</UniqueIdentifier>
    </Filter>
    <Filter Include="Contents\GameObject\Effects\Zoom_Effect">
      <UniqueIdentifier>{a737e13b-a84b-43db-8da9-3dc6bffa2990}</UniqueIdentifier>
    </Filter>
    <Filter Include="Contents\GameObject\Player\FireKirby">
      <UniqueIdentifier>{2df014f2-4f6a-4ba7-8547-397e4cd1323e}</UniqueIdentifier>
    </Filter>
    <Filter Include="Contents\GameObject\Player\IceKirby">
      <UniqueIdentifier>{f384a25c-310f-4cb2-a61b-f489789614cb}</UniqueIdentifier>
    </Filter>
    <Filter Include="Contents\GameObject\Player\DefaultKirby">
      <UniqueIdentifier>{3cc17043-9671-4df7-9ea5-31fdc5ea021b}</UniqueIdentifier>
    </Filter>
    <Filter Include="Contents\GameObject\Player\Kirby">
      <UniqueIdentifier>{d269fbf1-9518-447c-b43c-45caa889e09e}</UniqueIdentifier>
    </Filter>
    <Filter Include="Contents\GameObject\Player\IceKirby\Skill">
      <UniqueIdentifier>{bd8cb1ba-7a0f-4827-aa19-f5c548f60f0f}</UniqueIdentifier>
    </Filter>
    <Filter Include="Contents\GameObject\Player\FireKirby\Skill">
      <UniqueIdentifier>{12baa194-3af7-425f-ae25-476069a134f4}</UniqueIdentifier>
    </Filter>
    <Filter Include="Contents\GameObject\AbilityStar">
      <UniqueIdentifier>{95c871db-e718-466e-a770-19e267ec5382}</UniqueIdentifier>
    </Filter>
    <Filter Include="Contents\GameObject\Enemy\Normal\Ice_Enemy">
      <UniqueIdentifier>{16b0d948-3e8e-421c-80fa-17926f822f7e}</UniqueIdentifier>
    </Filter>
    <Filter Include="Contents\GameObject\Enemy\Normal\WaddleDee">
      <UniqueIdentifier>{0c381bfb-3834-4f64-98bb-ca769bd9def8}</UniqueIdentifier>
    </Filter>
    <Filter Include="Contents\GameObject\Player\CutterKirbvy">
      <UniqueIdentifier>{836a143a-d51c-4fa5-93d9-b72a7ed37048}</UniqueIdentifier>
    </Filter>
    <Filter Include="Contents\GameObject\Player\TornadoKirby">
      <UniqueIdentifier>{6d3a510c-4a27-4ebc-a567-039382353d5c}</UniqueIdentifier>
    </Filter>
    <Filter Include="Contents\GameObject\Player\CutterKirbvy\Skill">
      <UniqueIdentifier>{bc321b6f-30f5-4e7e-9575-39bcfaa17948}</UniqueIdentifier>
    </Filter>
    <Filter Include="Contents\GameObject\Player\NinjaKirkby">
      <UniqueIdentifier>{a4bb6ab7-39cd-46c0-90dc-a8be1d7a2bf3}</UniqueIdentifier>
    </Filter>
    <Filter Include="Contents\GameObject\Player\NinjaKirkby\Skill_Fire">
      <UniqueIdentifier>{c77dad04-b1ae-4d4a-9aca-3c33a034e9eb}</UniqueIdentifier>
    </Filter>
    <Filter Include="Contents\GameObject\Player\NinjaKirkby\Skill_Shuriken">
      <UniqueIdentifier>{1a8b8e77-575d-4eaf-acad-72af465402d5}</UniqueIdentifier>
    </Filter>
    <Filter Include="Contents\GameObject\Player\NinjaKirkby\ChargeEffect">
      <UniqueIdentifier>{d55533f3-cf48-49ac-987f-34c047e18eea}</UniqueIdentifier>
    </Filter>
    <Filter Include="Contents\GameObject\Player\WheelKirby">
      <UniqueIdentifier>{2a2a00ae-207e-48c7-96b1-58322ef55e36}</UniqueIdentifier>
    </Filter>
    <Filter Include="Contents\GameObject\Player\SparkKirby">
      <UniqueIdentifier>{55e7d40f-c694-4d0d-9344-6d15445a1a6a}</UniqueIdentifier>
    </Filter>
    <Filter Include="Contents\GameObject\Player\SparkKirby\Skill">
      <UniqueIdentifier>{932cd696-0455-4f1c-858d-1a5e4f6a52d0}</UniqueIdentifier>
    </Filter>
    <Filter Include="Contents\Scene\AbilityTestScene">
      <UniqueIdentifier>{6628b9b1-d13f-402a-b154-7db8f671c998}</UniqueIdentifier>
    </Filter>
    <Filter Include="Contents\Scene\StageScene\Level1">
      <UniqueIdentifier>{c098b97b-4168-4fe3-952e-313598540640}</UniqueIdentifier>
    </Filter>
    <Filter Include="Contents\Scene\StageScene\Level1\Stage1">
      <UniqueIdentifier>{b740f755-ca6d-4ce6-a450-ecdaa0540f53}</UniqueIdentifier>
    </Filter>
    <Filter Include="Contents\Scene\StageScene\Level1\Stage2">
      <UniqueIdentifier>{d898b881-a3a0-45f7-8ec6-3c33fad9af93}</UniqueIdentifier>
    </Filter>
    <Filter Include="Contents\Scene\StageScene\Level1\Stage3">
      <UniqueIdentifier>{15caa6dc-74f6-4014-96a2-41bc72c771bb}</UniqueIdentifier>
    </Filter>
    <Filter Include="Contents\Scene\StageScene\Level1\Stage4">
      <UniqueIdentifier>{85e6171e-1709-4021-8716-4f8305000bde}</UniqueIdentifier>
    </Filter>
    <Filter Include="Contents\Scene\StageScene\Level1\Boss">
      <UniqueIdentifier>{e904e40d-81de-4394-8875-a8ba8626f7b6}</UniqueIdentifier>
    </Filter>
    <Filter Include="Contents\Scene\StageScene\Level2">
      <UniqueIdentifier>{a96caf30-f742-4681-a82a-9194e80b1580}</UniqueIdentifier>
    </Filter>
    <Filter Include="Contents\Scene\StageScene\Level3">
      <UniqueIdentifier>{397cfe09-39a7-4c26-b91f-43b89ea4784c}</UniqueIdentifier>
    </Filter>
    <Filter Include="Contents\Scene\StageScene\Level4">
      <UniqueIdentifier>{09bde1c8-9907-42b8-b2bc-22d4fd71c0f7}</UniqueIdentifier>
    </Filter>
    <Filter Include="Contents\Scene\StageScene\Level5">
      <UniqueIdentifier>{0f5749d6-e2ab-4c6d-b736-ac65dfe8363d}</UniqueIdentifier>
    </Filter>
    <Filter Include="Contents\Scene\StageScene\Level6">
      <UniqueIdentifier>{cddac5dd-29f4-4c11-b73e-a35d677e5309}</UniqueIdentifier>
    </Filter>
    <Filter Include="Contents\Scene\StageScene\Level7">
      <UniqueIdentifier>{c6fd9542-109a-4c63-ac75-3b0d0f298e8b}</UniqueIdentifier>
    </Filter>
    <Filter Include="Contents\Scene\StageScene\Level8">
      <UniqueIdentifier>{831fb810-e05c-48d5-a9df-472ea80f20d5}</UniqueIdentifier>
    </Filter>
    <Filter Include="Contents\GameObject\Enemy\Boss\KingDedede">
      <UniqueIdentifier>{955ae2d2-5faf-4838-942d-803bcf1b0b48}</UniqueIdentifier>
    </Filter>
    <Filter Include="Contents\GameObject\Player\TornadoKirby\Effect">
      <UniqueIdentifier>{ef359405-f5c1-42ec-9bb1-6771dccfa9c0}</UniqueIdentifier>
    </Filter>
    <Filter Include="Contents\GameObject\Effects\Star_Effect">
      <UniqueIdentifier>{3a6248fe-f825-4c99-91bd-a9fd62636c37}</UniqueIdentifier>
    </Filter>
    <Filter Include="Contents\Scene\StageScene\Level6\Boss">
      <UniqueIdentifier>{96c9ded9-8318-476e-bcc3-bf60b8ee3034}</UniqueIdentifier>
    </Filter>
    <Filter Include="Contents\GameObject\Enemy\Boss\Daroach">
      <UniqueIdentifier>{9747f0f8-6231-44f4-90f4-6d919dad15e9}</UniqueIdentifier>
    </Filter>
    <Filter Include="Contents\GameObject\Enemy\Boss\Daroach\Daroach_Boom">
      <UniqueIdentifier>{443dc858-9f39-4910-8e18-89475003af36}</UniqueIdentifier>
    </Filter>
    <Filter Include="Contents\GameObject\Enemy\Boss\Daroach\Daroach_TimeBoom">
      <UniqueIdentifier>{0dddc2d0-a4cf-4d36-86c0-64e11265df5d}</UniqueIdentifier>
    </Filter>
    <Filter Include="Contents\GameObject\Enemy\Boss\Daroach\Daroach_Star">
      <UniqueIdentifier>{fbe23aa3-374d-451c-9628-30114e181b8f}</UniqueIdentifier>
    </Filter>
    <Filter Include="Contents\GameObject\Enemy\Boss\Daroach\Daroach_Energe">
      <UniqueIdentifier>{8b6df1f6-6e79-4537-bbad-d0e93a51dd9e}</UniqueIdentifier>
    </Filter>
    <Filter Include="Contents\GameObject\Enemy\Boss\Daroach\Daroach_Charge_Energe">
      <UniqueIdentifier>{60acc2f5-171c-4b5d-ae79-9baaafd3966c}</UniqueIdentifier>
    </Filter>
  </ItemGroup>
  <ItemGroup>
    <ClInclude Include="Client.h">
      <Filter>Windows\Header</Filter>
    </ClInclude>
    <ClInclude Include="framework.h">
      <Filter>Windows\Header</Filter>
    </ClInclude>
    <ClInclude Include="Resource.h">
      <Filter>Windows\Header</Filter>
    </ClInclude>
    <ClInclude Include="targetver.h">
      <Filter>Windows\Header</Filter>
    </ClInclude>
    <ClInclude Include="CommonInclude.h">
      <Filter>Engine\Common</Filter>
    </ClInclude>
    <ClInclude Include="syMath.h">
      <Filter>Engine\Common</Filter>
    </ClInclude>
    <ClInclude Include="syApplication.h">
      <Filter>Engine\High Level Interface</Filter>
    </ClInclude>
    <ClInclude Include="syInput.h">
      <Filter>Engine\Input</Filter>
    </ClInclude>
    <ClInclude Include="syTime.h">
      <Filter>Engine\Time</Filter>
    </ClInclude>
    <ClInclude Include="syEntity.h">
      <Filter>Engine\Entity</Filter>
    </ClInclude>
    <ClInclude Include="syScene.h">
      <Filter>Engine\Scene</Filter>
    </ClInclude>
    <ClInclude Include="syLayer.h">
      <Filter>Engine\Layer</Filter>
    </ClInclude>
    <ClInclude Include="syComponent.h">
      <Filter>Engine\Component</Filter>
    </ClInclude>
    <ClInclude Include="syTransform.h">
      <Filter>Engine\Component\Transform</Filter>
    </ClInclude>
    <ClInclude Include="sySpriteRenderer.h">
      <Filter>Engine\Component\SpriteRenderer</Filter>
    </ClInclude>
    <ClInclude Include="syObject.h">
      <Filter>Engine\Object</Filter>
    </ClInclude>
    <ClInclude Include="sySceneManager.h">
      <Filter>Engine\Scene\SceneManager</Filter>
    </ClInclude>
    <ClInclude Include="syGameObject.h">
      <Filter>Contents\GameObject</Filter>
    </ClInclude>
    <ClInclude Include="syTitleScene.h">
      <Filter>Contents\Scene\TitleScene</Filter>
    </ClInclude>
    <ClInclude Include="syLevelSelectScene.h">
      <Filter>Contents\Scene\LevelSelectScene</Filter>
    </ClInclude>
    <ClInclude Include="syEndingScene.h">
      <Filter>Contents\Scene\EndingScene</Filter>
    </ClInclude>
    <ClInclude Include="syOpeningScene.h">
      <Filter>Contents\Scene\OpeningScene</Filter>
    </ClInclude>
    <ClInclude Include="syTunnelScene.h">
      <Filter>Contents\Scene\TunnelScene</Filter>
    </ClInclude>
    <ClInclude Include="syResource.h">
      <Filter>Engine\Resource</Filter>
    </ClInclude>
    <ClInclude Include="syResourceManager.h">
      <Filter>Engine\Resource\ResourceManager</Filter>
    </ClInclude>
    <ClInclude Include="syTexture.h">
      <Filter>Engine\Resource\Texture</Filter>
    </ClInclude>
    <ClInclude Include="syBackGround.h">
      <Filter>Contents\GameObject\BackGround</Filter>
    </ClInclude>
    <ClInclude Include="syCamera.h">
      <Filter>Engine\Camera</Filter>
    </ClInclude>
    <ClInclude Include="syAnimation.h">
      <Filter>Engine\Resource\Animation</Filter>
    </ClInclude>
    <ClInclude Include="syAnimator.h">
      <Filter>Engine\Component\Animator</Filter>
    </ClInclude>
    <ClInclude Include="syInventory.h">
      <Filter>Contents\GameObject\Inventory</Filter>
    </ClInclude>
    <ClInclude Include="syForeGround.h">
      <Filter>Contents\GameObject\ForeGround</Filter>
    </ClInclude>
    <ClInclude Include="syUI.h">
      <Filter>Contents\GameObject\UI</Filter>
    </ClInclude>
    <ClInclude Include="syAbilityUI.h">
      <Filter>Contents\GameObject\UI\AbilityUI</Filter>
    </ClInclude>
    <ClInclude Include="syHPbarUI.h">
      <Filter>Contents\GameObject\UI\HPbar</Filter>
    </ClInclude>
    <ClInclude Include="syLifeUI.h">
      <Filter>Contents\GameObject\UI\LifeUI</Filter>
    </ClInclude>
    <ClInclude Include="syVideo.h">
      <Filter>Contents\GameObject\Video</Filter>
    </ClInclude>
    <ClInclude Include="syDefaultKirby.h">
      <Filter>Contents\GameObject\Player\DefaultKirby</Filter>
    </ClInclude>
    <ClInclude Include="syPlayer.h">
      <Filter>Contents\GameObject\Player</Filter>
    </ClInclude>
    <ClInclude Include="syEnemy.h">
      <Filter>Contents\GameObject\Enemy</Filter>
    </ClInclude>
    <ClInclude Include="syBlockin.h">
      <Filter>Contents\GameObject\Enemy\Normal\Blockin</Filter>
    </ClInclude>
    <ClInclude Include="syIce_Enemy.h">
      <Filter>Contents\GameObject\Enemy\Normal\Ice_Enemy</Filter>
    </ClInclude>
    <ClInclude Include="syHotHead.h">
      <Filter>Contents\GameObject\Enemy\Normal\HotHead</Filter>
    </ClInclude>
    <ClInclude Include="sySirKibble.h">
      <Filter>Contents\GameObject\Enemy\Normal\SirKibble</Filter>
    </ClInclude>
    <ClInclude Include="syCrimp.h">
      <Filter>Contents\GameObject\Enemy\Normal\Crimp</Filter>
    </ClInclude>
    <ClInclude Include="syWaddleDee.h">
      <Filter>Contents\GameObject\Enemy\Normal\WaddleDee</Filter>
    </ClInclude>
    <ClInclude Include="syEffects.h">
      <Filter>Contents\GameObject\Effects</Filter>
    </ClInclude>
    <ClInclude Include="syCrimp_Skill.h">
      <Filter>Contents\GameObject\Enemy\Normal\Crimp\Skill</Filter>
    </ClInclude>
    <ClInclude Include="syHotHead_Fire.h">
      <Filter>Contents\GameObject\Enemy\Normal\HotHead\Skill</Filter>
    </ClInclude>
    <ClInclude Include="sySirKibble_Skill.h">
      <Filter>Contents\GameObject\Enemy\Normal\SirKibble\Skill</Filter>
    </ClInclude>
    <ClInclude Include="syTunnel_BG.h">
      <Filter>Contents\GameObject\BackGround\Tunnel_BG</Filter>
    </ClInclude>
    <ClInclude Include="syLevel_BG.h">
      <Filter>Contents\GameObject\BackGround\Level_BG</Filter>
    </ClInclude>
    <ClInclude Include="syPrismPlainsScene.h">
      <Filter>Contents\Scene\LevelScene\Level1</Filter>
    </ClInclude>
    <ClInclude Include="syJamJungleScene.h">
      <Filter>Contents\Scene\LevelScene\Level4</Filter>
    </ClInclude>
    <ClInclude Include="syCushyCloudScene.h">
      <Filter>Contents\Scene\LevelScene\Level3</Filter>
    </ClInclude>
    <ClInclude Include="syGambleGalaxyScene.h">
      <Filter>Contents\Scene\LevelScene\Level8</Filter>
    </ClInclude>
    <ClInclude Include="syIceIslandScene.h">
      <Filter>Contents\Scene\LevelScene\Level6</Filter>
    </ClInclude>
    <ClInclude Include="syNatureNotchScene.h">
      <Filter>Contents\Scene\LevelScene\Level2</Filter>
    </ClInclude>
    <ClInclude Include="sySecretSeaScene.h">
      <Filter>Contents\Scene\LevelScene\Level7</Filter>
    </ClInclude>
    <ClInclude Include="syVocalVolcanoScene.h">
      <Filter>Contents\Scene\LevelScene\Level5</Filter>
    </ClInclude>
    <ClInclude Include="syCollider.h">
      <Filter>Engine\Component\Collider</Filter>
    </ClInclude>
    <ClInclude Include="syCollisionManager.h">
      <Filter>Engine\Collision</Filter>
    </ClInclude>
    <ClInclude Include="syRigidbody.h">
      <Filter>Engine\Component\RigidBody</Filter>
    </ClInclude>
    <ClInclude Include="syStepUI.h">
      <Filter>Contents\GameObject\UI\StepUI</Filter>
    </ClInclude>
    <ClInclude Include="syStarUI.h">
      <Filter>Contents\GameObject\UI\StarUI</Filter>
    </ClInclude>
    <ClInclude Include="syNumberUI.h">
      <Filter>Contents\GameObject\UI\NumberUI</Filter>
    </ClInclude>
    <ClInclude Include="syPlacardUI.h">
      <Filter>Contents\GameObject\UI\PlacardUI</Filter>
    </ClInclude>
    <ClInclude Include="syDotUI.h">
      <Filter>Contents\GameObject\UI\DotUI</Filter>
    </ClInclude>
    <ClInclude Include="syDash_Effect.h">
      <Filter>Contents\GameObject\Effects\Dash_Effect</Filter>
    </ClInclude>
    <ClInclude Include="sySoundManager.h">
      <Filter>Engine\SoundManager</Filter>
    </ClInclude>
    <ClInclude Include="sySound.h">
      <Filter>Engine\Resource\Sound</Filter>
    </ClInclude>
    <ClInclude Include="syLevel1_Stage1Scene.h">
      <Filter>Contents\Scene\StageScene\Level1\Stage1</Filter>
    </ClInclude>
    <ClInclude Include="syLevel1_Stage2Scene.h">
      <Filter>Contents\Scene\StageScene\Level1\Stage2</Filter>
    </ClInclude>
    <ClInclude Include="syLevel1_Stage3Scene.h">
      <Filter>Contents\Scene\StageScene\Level1\Stage3</Filter>
    </ClInclude>
    <ClInclude Include="syLevel1_Stage4Scene.h">
      <Filter>Contents\Scene\StageScene\Level1\Stage4</Filter>
    </ClInclude>
    <ClInclude Include="syBreath_Effect.h">
      <Filter>Contents\GameObject\Effects\Breath_Effect</Filter>
    </ClInclude>
    <ClInclude Include="syNormal_Skill.h">
      <Filter>Contents\GameObject\Effects\Normal_Skill</Filter>
    </ClInclude>
    <ClInclude Include="syInhale_Effect.h">
      <Filter>Contents\GameObject\Effects\Inhale_Effect</Filter>
    </ClInclude>
    <ClInclude Include="syEnemyHPbarUI.h">
      <Filter>Contents\GameObject\UI\EnemyHPbarUI</Filter>
    </ClInclude>
    <ClInclude Include="syPortalUI.h">
      <Filter>Contents\GameObject\UI\PortalUI</Filter>
    </ClInclude>
    <ClInclude Include="syAbilityItem.h">
      <Filter>Contents\GameObject\AbilityItem</Filter>
    </ClInclude>
    <ClInclude Include="syInventoryItem.h">
      <Filter>Contents\GameObject\InventoryItem</Filter>
    </ClInclude>
    <ClInclude Include="syMixItem.h">
      <Filter>Contents\GameObject\MixItem</Filter>
    </ClInclude>
    <ClInclude Include="syLanding_Effect.h">
      <Filter>Contents\GameObject\Effects\Landing_Effect</Filter>
    </ClInclude>
    <ClInclude Include="syZoom_Effect.h">
      <Filter>Contents\GameObject\Effects\Zoom_Effect</Filter>
    </ClInclude>
    <ClInclude Include="syIceKirby.h">
      <Filter>Contents\GameObject\Player\IceKirby</Filter>
    </ClInclude>
    <ClInclude Include="syKirby.h">
      <Filter>Contents\GameObject\Player\Kirby</Filter>
    </ClInclude>
    <ClInclude Include="syCutterKirby.h">
      <Filter>Contents\GameObject\Player\CutterKirbvy</Filter>
    </ClInclude>
    <ClInclude Include="syFireKirby.h">
      <Filter>Contents\GameObject\Player\FireKirby</Filter>
    </ClInclude>
    <ClInclude Include="syTornadoKirby.h">
      <Filter>Contents\GameObject\Player\TornadoKirby</Filter>
    </ClInclude>
    <ClInclude Include="syIceKirby_Skill.h">
      <Filter>Contents\GameObject\Player\IceKirby\Skill</Filter>
    </ClInclude>
    <ClInclude Include="syFireKirby_Skill.h">
      <Filter>Contents\GameObject\Player\FireKirby\Skill</Filter>
    </ClInclude>
    <ClInclude Include="syAbilityStar.h">
      <Filter>Contents\GameObject\AbilityStar</Filter>
    </ClInclude>
    <ClInclude Include="syCutterKirby_Skill.h">
      <Filter>Contents\GameObject\Player\CutterKirbvy\Skill</Filter>
    </ClInclude>
    <ClInclude Include="syNinjaKirby_Fire.h">
      <Filter>Contents\GameObject\Player\NinjaKirkby\Skill_Fire</Filter>
    </ClInclude>
    <ClInclude Include="syNinjaKirby_Shuriken.h">
      <Filter>Contents\GameObject\Player\NinjaKirkby\Skill_Shuriken</Filter>
    </ClInclude>
    <ClInclude Include="syNinjaKirby_ChargeEffect.h">
      <Filter>Contents\GameObject\Player\NinjaKirkby\ChargeEffect</Filter>
    </ClInclude>
    <ClInclude Include="syNinjaKirby.h">
      <Filter>Contents\GameObject\Player\NinjaKirkby</Filter>
    </ClInclude>
    <ClInclude Include="syWheelKirby.h">
      <Filter>Contents\GameObject\Player\WheelKirby</Filter>
    </ClInclude>
    <ClInclude Include="sySparkKirby.h">
      <Filter>Contents\GameObject\Player\SparkKirby</Filter>
    </ClInclude>
    <ClInclude Include="sySparkKirby_Skill.h">
      <Filter>Contents\GameObject\Player\SparkKirby\Skill</Filter>
    </ClInclude>
    <ClInclude Include="syAbilityTestScene.h">
      <Filter>Contents\Scene\AbilityTestScene</Filter>
    </ClInclude>
    <ClInclude Include="syLevel1_BossScene.h">
      <Filter>Contents\Scene\StageScene\Level1\Boss</Filter>
    </ClInclude>
    <ClInclude Include="syKingDedede.h">
      <Filter>Contents\GameObject\Enemy\Boss\KingDedede</Filter>
    </ClInclude>
    <ClInclude Include="syTornado_Effect.h">
      <Filter>Contents\GameObject\Player\TornadoKirby\Effect</Filter>
    </ClInclude>
    <ClInclude Include="syStar_Effect.h">
      <Filter>Contents\GameObject\Effects\Star_Effect</Filter>
    </ClInclude>
    <ClInclude Include="syLevel6_BossScene.h">
      <Filter>Contents\Scene\StageScene\Level6\Boss</Filter>
    </ClInclude>
    <ClInclude Include="syDaroach.h">
      <Filter>Contents\GameObject\Enemy\Boss\Daroach</Filter>
    </ClInclude>
    <ClInclude Include="syBossEnemy.h">
      <Filter>Contents\GameObject\Enemy\Boss</Filter>
    </ClInclude>
    <ClInclude Include="syDaroach_Charge_Energe.h">
      <Filter>Contents\GameObject\Enemy\Boss\Daroach\Daroach_Charge_Energe</Filter>
    </ClInclude>
  </ItemGroup>
  <ItemGroup>
    <Image Include="Client.ico">
      <Filter>Windows\Resource</Filter>
    </Image>
    <Image Include="small.ico">
      <Filter>Windows\Resource</Filter>
    </Image>
  </ItemGroup>
  <ItemGroup>
    <ClCompile Include="Main.cpp" />
    <ClCompile Include="syApplication.cpp">
      <Filter>Engine\High Level Interface</Filter>
    </ClCompile>
    <ClCompile Include="syInput.cpp">
      <Filter>Engine\Input</Filter>
    </ClCompile>
    <ClCompile Include="syTime.cpp">
      <Filter>Engine\Time</Filter>
    </ClCompile>
    <ClCompile Include="syEntity.cpp">
      <Filter>Engine\Entity</Filter>
    </ClCompile>
    <ClCompile Include="syScene.cpp">
      <Filter>Engine\Scene</Filter>
    </ClCompile>
    <ClCompile Include="syLayer.cpp">
      <Filter>Engine\Layer</Filter>
    </ClCompile>
    <ClCompile Include="syComponent.cpp">
      <Filter>Engine\Component</Filter>
    </ClCompile>
    <ClCompile Include="syTransform.cpp">
      <Filter>Engine\Component\Transform</Filter>
    </ClCompile>
    <ClCompile Include="sySpriteRenderer.cpp">
      <Filter>Engine\Component\SpriteRenderer</Filter>
    </ClCompile>
    <ClCompile Include="sySceneManager.cpp">
      <Filter>Engine\Scene\SceneManager</Filter>
    </ClCompile>
    <ClCompile Include="syGameObject.cpp">
      <Filter>Contents\GameObject</Filter>
    </ClCompile>
    <ClCompile Include="syTitleScene.cpp">
      <Filter>Contents\Scene\TitleScene</Filter>
    </ClCompile>
    <ClCompile Include="syLevelSelectScene.cpp">
      <Filter>Contents\Scene\LevelSelectScene</Filter>
    </ClCompile>
    <ClCompile Include="syEndingScene.cpp">
      <Filter>Contents\Scene\EndingScene</Filter>
    </ClCompile>
    <ClCompile Include="syOpeningScene.cpp">
      <Filter>Contents\Scene\OpeningScene</Filter>
    </ClCompile>
    <ClCompile Include="syTunnelScene.cpp">
      <Filter>Contents\Scene\TunnelScene</Filter>
    </ClCompile>
    <ClCompile Include="syResource.cpp">
      <Filter>Engine\Resource</Filter>
    </ClCompile>
    <ClCompile Include="syResourceManager.cpp">
      <Filter>Engine\Resource\ResourceManager</Filter>
    </ClCompile>
    <ClCompile Include="syTexture.cpp">
      <Filter>Engine\Resource\Texture</Filter>
    </ClCompile>
    <ClCompile Include="syMath.cpp">
      <Filter>Engine\Common</Filter>
    </ClCompile>
    <ClCompile Include="syBackGround.cpp">
      <Filter>Contents\GameObject\BackGround</Filter>
    </ClCompile>
    <ClCompile Include="syCamera.cpp">
      <Filter>Engine\Camera</Filter>
    </ClCompile>
    <ClCompile Include="syAnimation.cpp">
      <Filter>Engine\Resource\Animation</Filter>
    </ClCompile>
    <ClCompile Include="syAnimator.cpp">
      <Filter>Engine\Component\Animator</Filter>
    </ClCompile>
    <ClCompile Include="syInventory.cpp">
      <Filter>Contents\GameObject\Inventory</Filter>
    </ClCompile>
    <ClCompile Include="syForeGround.cpp">
      <Filter>Contents\GameObject\ForeGround</Filter>
    </ClCompile>
    <ClCompile Include="syUI.cpp">
      <Filter>Contents\GameObject\UI</Filter>
    </ClCompile>
    <ClCompile Include="syAbilityUI.cpp">
      <Filter>Contents\GameObject\UI\AbilityUI</Filter>
    </ClCompile>
    <ClCompile Include="syHPbarUI.cpp">
      <Filter>Contents\GameObject\UI\HPbar</Filter>
    </ClCompile>
    <ClCompile Include="syLifeUI.cpp">
      <Filter>Contents\GameObject\UI\LifeUI</Filter>
    </ClCompile>
    <ClCompile Include="syVideo.cpp">
      <Filter>Contents\GameObject\Video</Filter>
    </ClCompile>
    <ClCompile Include="syDefaultKirby.cpp">
      <Filter>Contents\GameObject\Player\DefaultKirby</Filter>
    </ClCompile>
    <ClCompile Include="syPlayer.cpp">
      <Filter>Contents\GameObject\Player</Filter>
    </ClCompile>
    <ClCompile Include="syEnemy.cpp">
      <Filter>Contents\GameObject\Enemy</Filter>
    </ClCompile>
    <ClCompile Include="syBlockin.cpp">
      <Filter>Contents\GameObject\Enemy\Normal\Blockin</Filter>
    </ClCompile>
    <ClCompile Include="syIce_Enemy.cpp">
      <Filter>Contents\GameObject\Enemy\Normal\Ice_Enemy</Filter>
    </ClCompile>
    <ClCompile Include="syHotHead.cpp">
      <Filter>Contents\GameObject\Enemy\Normal\HotHead</Filter>
    </ClCompile>
    <ClCompile Include="sySirKibble.cpp">
      <Filter>Contents\GameObject\Enemy\Normal\SirKibble</Filter>
    </ClCompile>
    <ClCompile Include="syCrimp.cpp">
      <Filter>Contents\GameObject\Enemy\Normal\Crimp</Filter>
    </ClCompile>
    <ClCompile Include="syWaddleDee.cpp">
      <Filter>Contents\GameObject\Enemy\Normal\WaddleDee</Filter>
    </ClCompile>
    <ClCompile Include="syEffects.cpp">
      <Filter>Contents\GameObject\Effects</Filter>
    </ClCompile>
    <ClCompile Include="syCrimp_Skill.cpp">
      <Filter>Contents\GameObject\Enemy\Normal\Crimp\Skill</Filter>
    </ClCompile>
    <ClCompile Include="syHotHead_Fire.cpp">
      <Filter>Contents\GameObject\Enemy\Normal\HotHead\Skill</Filter>
    </ClCompile>
    <ClCompile Include="sySirKibble_Skill.cpp">
      <Filter>Contents\GameObject\Enemy\Normal\SirKibble\Skill</Filter>
    </ClCompile>
    <ClCompile Include="syTunnel_BG.cpp">
      <Filter>Contents\GameObject\BackGround\Tunnel_BG</Filter>
    </ClCompile>
    <ClCompile Include="syLevel_BG.cpp">
      <Filter>Contents\GameObject\BackGround\Level_BG</Filter>
    </ClCompile>
    <ClCompile Include="syPrismPlainsScene.cpp">
      <Filter>Contents\Scene\LevelScene\Level1</Filter>
    </ClCompile>
    <ClCompile Include="syJamJungleScene.cpp">
      <Filter>Contents\Scene\LevelScene\Level4</Filter>
    </ClCompile>
    <ClCompile Include="syCushyCloudScene.cpp">
      <Filter>Contents\Scene\LevelScene\Level3</Filter>
    </ClCompile>
    <ClCompile Include="syGambleGalaxyScene.cpp">
      <Filter>Contents\Scene\LevelScene\Level8</Filter>
    </ClCompile>
    <ClCompile Include="syIceIslandScene.cpp">
      <Filter>Contents\Scene\LevelScene\Level6</Filter>
    </ClCompile>
    <ClCompile Include="syNatureNotchScene.cpp">
      <Filter>Contents\Scene\LevelScene\Level2</Filter>
    </ClCompile>
    <ClCompile Include="sySecretSeaScene.cpp">
      <Filter>Contents\Scene\LevelScene\Level7</Filter>
    </ClCompile>
    <ClCompile Include="syVocalVolcanoScene.cpp">
      <Filter>Contents\Scene\LevelScene\Level5</Filter>
    </ClCompile>
    <ClCompile Include="syCollider.cpp">
      <Filter>Engine\Component\Collider</Filter>
    </ClCompile>
    <ClCompile Include="syCollisionManager.cpp">
      <Filter>Engine\Collision</Filter>
    </ClCompile>
    <ClCompile Include="syRigidbody.cpp">
      <Filter>Engine\Component\RigidBody</Filter>
    </ClCompile>
    <ClCompile Include="syStepUI.cpp">
      <Filter>Contents\GameObject\UI\StepUI</Filter>
    </ClCompile>
    <ClCompile Include="syStarUI.cpp">
      <Filter>Contents\GameObject\UI\StarUI</Filter>
    </ClCompile>
    <ClCompile Include="syNumberUI.cpp">
      <Filter>Contents\GameObject\UI\NumberUI</Filter>
    </ClCompile>
    <ClCompile Include="syPlacardUI.cpp">
      <Filter>Contents\GameObject\UI\PlacardUI</Filter>
    </ClCompile>
    <ClCompile Include="syDotUI.cpp">
      <Filter>Contents\GameObject\UI\DotUI</Filter>
    </ClCompile>
    <ClCompile Include="syDash_Effect.cpp">
      <Filter>Contents\GameObject\Effects\Dash_Effect</Filter>
    </ClCompile>
    <ClCompile Include="sySoundManager.cpp">
      <Filter>Engine\SoundManager</Filter>
    </ClCompile>
    <ClCompile Include="sySound.cpp">
      <Filter>Engine\Resource\Sound</Filter>
    </ClCompile>
    <ClCompile Include="syLevel1_Stage1Scene.cpp">
      <Filter>Contents\Scene\StageScene\Level1\Stage1</Filter>
    </ClCompile>
    <ClCompile Include="syLevel1_Stage2Scene.cpp">
      <Filter>Contents\Scene\StageScene\Level1\Stage2</Filter>
    </ClCompile>
    <ClCompile Include="syLevel1_Stage3Scene.cpp">
      <Filter>Contents\Scene\StageScene\Level1\Stage3</Filter>
    </ClCompile>
    <ClCompile Include="syLevel1_Stage4Scene.cpp">
      <Filter>Contents\Scene\StageScene\Level1\Stage4</Filter>
    </ClCompile>
    <ClCompile Include="syBreath_Effect.cpp">
      <Filter>Contents\GameObject\Effects\Breath_Effect</Filter>
    </ClCompile>
    <ClCompile Include="syNormal_Skill.cpp">
      <Filter>Contents\GameObject\Effects\Normal_Skill</Filter>
    </ClCompile>
    <ClCompile Include="syInhale_Effect.cpp">
      <Filter>Contents\GameObject\Effects\Inhale_Effect</Filter>
    </ClCompile>
    <ClCompile Include="syEnemyHPbarUI.cpp">
      <Filter>Contents\GameObject\UI\EnemyHPbarUI</Filter>
    </ClCompile>
    <ClCompile Include="syPortalUI.cpp">
      <Filter>Contents\GameObject\UI\PortalUI</Filter>
    </ClCompile>
    <ClCompile Include="syAbilityItem.cpp">
      <Filter>Contents\GameObject\AbilityItem</Filter>
    </ClCompile>
    <ClCompile Include="syInventoryItem.cpp">
      <Filter>Contents\GameObject\InventoryItem</Filter>
    </ClCompile>
    <ClCompile Include="syMixItem.cpp">
      <Filter>Contents\GameObject\MixItem</Filter>
    </ClCompile>
    <ClCompile Include="syLanding_Effect.cpp">
      <Filter>Contents\GameObject\Effects\Landing_Effect</Filter>
    </ClCompile>
    <ClCompile Include="syZoom_Effect.cpp">
      <Filter>Contents\GameObject\Effects\Zoom_Effect</Filter>
    </ClCompile>
    <ClCompile Include="syIceKirby.cpp">
      <Filter>Contents\GameObject\Player\IceKirby</Filter>
    </ClCompile>
    <ClCompile Include="syKirby.cpp">
      <Filter>Contents\GameObject\Player\Kirby</Filter>
    </ClCompile>
    <ClCompile Include="syCutterKirby.cpp">
      <Filter>Contents\GameObject\Player\CutterKirbvy</Filter>
    </ClCompile>
    <ClCompile Include="syFireKirby.cpp">
      <Filter>Contents\GameObject\Player\FireKirby</Filter>
    </ClCompile>
    <ClCompile Include="syTornadoKirby.cpp">
      <Filter>Contents\GameObject\Player\TornadoKirby</Filter>
    </ClCompile>
    <ClCompile Include="syIceKirby_Skill.cpp">
      <Filter>Contents\GameObject\Player\IceKirby\Skill</Filter>
    </ClCompile>
    <ClCompile Include="syFireKirby_Skill.cpp">
      <Filter>Contents\GameObject\Player\FireKirby\Skill</Filter>
    </ClCompile>
    <ClCompile Include="syAbilityStar.cpp">
      <Filter>Contents\GameObject\AbilityStar</Filter>
    </ClCompile>
    <ClCompile Include="syCutterKirby_Skill.cpp">
      <Filter>Contents\GameObject\Player\CutterKirbvy\Skill</Filter>
    </ClCompile>
    <ClCompile Include="syNinjaKirby.cpp">
      <Filter>Contents\GameObject\Player\NinjaKirkby</Filter>
    </ClCompile>
    <ClCompile Include="syNinjaKirby_Fire.cpp">
      <Filter>Contents\GameObject\Player\NinjaKirkby\Skill_Fire</Filter>
    </ClCompile>
    <ClCompile Include="syNinjaKirby_Shuriken.cpp">
      <Filter>Contents\GameObject\Player\NinjaKirkby\Skill_Shuriken</Filter>
    </ClCompile>
    <ClCompile Include="syNinjaKirby_ChargeEffect.cpp">
      <Filter>Contents\GameObject\Player\NinjaKirkby\ChargeEffect</Filter>
    </ClCompile>
    <ClCompile Include="syWheelKirby.cpp">
      <Filter>Contents\GameObject\Player\WheelKirby</Filter>
    </ClCompile>
    <ClCompile Include="sySparkKirby.cpp">
      <Filter>Contents\GameObject\Player\SparkKirby</Filter>
    </ClCompile>
    <ClCompile Include="sySparkKirby_Skill.cpp">
      <Filter>Contents\GameObject\Player\SparkKirby\Skill</Filter>
    </ClCompile>
    <ClCompile Include="syAbilityTestScene.cpp">
      <Filter>Contents\Scene\AbilityTestScene</Filter>
    </ClCompile>
    <ClCompile Include="syLevel1_BossScene.cpp">
      <Filter>Contents\Scene\StageScene\Level1\Boss</Filter>
    </ClCompile>
    <ClCompile Include="syKingDedede.cpp">
      <Filter>Contents\GameObject\Enemy\Boss\KingDedede</Filter>
    </ClCompile>
    <ClCompile Include="syTornado_Effect.cpp">
      <Filter>Contents\GameObject\Player\TornadoKirby\Effect</Filter>
    </ClCompile>
    <ClCompile Include="syStar_Effect.cpp">
      <Filter>Contents\GameObject\Effects\Star_Effect</Filter>
    </ClCompile>
    <ClCompile Include="syLevel6_BossScene.cpp">
      <Filter>Contents\Scene\StageScene\Level6\Boss</Filter>
    </ClCompile>
    <ClCompile Include="syDaroach.cpp">
      <Filter>Contents\GameObject\Enemy\Boss\Daroach</Filter>
    </ClCompile>
    <ClCompile Include="syBossEnemy.cpp">
      <Filter>Contents\GameObject\Enemy\Boss</Filter>
    </ClCompile>
    <ClCompile Include="syDaroach_Charge_Energe.cpp">
      <Filter>Contents\GameObject\Enemy\Boss\Daroach\Daroach_Charge_Energe</Filter>
    </ClCompile>
  </ItemGroup>
  <ItemGroup>
    <ResourceCompile Include="Client.rc">
      <Filter>Windows\Resource</Filter>
    </ResourceCompile>
  </ItemGroup>
</Project>