
Microsoft Visual Studio Solution File, Format Version 12.00
# Visual Studio Version 17
VisualStudioVersion = 17.6.33815.320
MinimumVisualStudioVersion = 10.0.40219.1
Project("{8BC9CEB8-8B4A-11D0-8D11-00A0C91BC942}") = "Client", "Client\Client.vcxproj", "{ABD57700-3978-4122-AB04-8AC7449174CB}"
EndProject
Global
	GlobalSection(SolutionConfigurationPlatforms) = preSolution
		Debug|x64 = Debug|x64
		Debug|x86 = Debug|x86
		Release|x64 = Release|x64
		Release|x86 = Release|x86
	EndGlobalSection
	GlobalSection(ProjectConfigurationPlatforms) = postSolution
		{ABD57700-3978-4122-AB04-8AC7449174CB}.Debug|x64.ActiveCfg = Debug|x64
		{ABD57700-3978-4122-AB04-8AC7449174CB}.Debug|x64.Build.0 = Debug|x64
		{ABD57700-3978-4122-AB04-8AC7449174CB}.Debug|x86.ActiveCfg = Debug|Win32
		{ABD57700-3978-4122-AB04-8AC7449174CB}.Debug|x86.Build.0 = Debug|Win32
		{ABD57700-3978-4122-AB04-8AC7449174CB}.Release|x64.ActiveCfg = Release|x64
		{ABD57700-3978-4122-AB04-8AC7449174CB}.Release|x64.Build.0 = Release|x64
		{ABD57700-3978-4122-AB04-8AC7449174CB}.Release|x86.ActiveCfg = Release|Win32
		{ABD57700-3978-4122-AB04-8AC7449174CB}.Release|x86.Build.0 = Release|Win32
	EndGlobalSection
	GlobalSection(SolutionProperties) = preSolution
		HideSolutionNode = FALSE
	EndGlobalSection
	GlobalSection(ExtensibilityGlobals) = postSolution
		SolutionGuid = {BA9FA099-4DD1-409A-85AA-4657862E791D}
	EndGlobalSection
EndGlobal
